
Microsoft Visual Studio Solution File, Format Version 12.00
# Visual Studio Version 16
VisualStudioVersion = 16.0.33130.400
MinimumVisualStudioVersion = 10.0.40219.1
Project("{FAE04EC0-301F-11D3-BF4B-00C04F79EFBC}") = "Assignment3-2", "Assignment3-2\Assignment3-2.csproj", "{B9B205E0-76B9-4E7D-A693-225307C14400}"
EndProject
Global
	GlobalSection(SolutionConfigurationPlatforms) = preSolution
		Debug|Any CPU = Debug|Any CPU
		Release|Any CPU = Release|Any CPU
	EndGlobalSection
	GlobalSection(ProjectConfigurationPlatforms) = postSolution
		{B9B205E0-76B9-4E7D-A693-225307C14400}.Debug|Any CPU.ActiveCfg = Debug|Any CPU
		{B9B205E0-76B9-4E7D-A693-225307C14400}.Debug|Any CPU.Build.0 = Debug|Any CPU
		{B9B205E0-76B9-4E7D-A693-225307C14400}.Release|Any CPU.ActiveCfg = Release|Any CPU
		{B9B205E0-76B9-4E7D-A693-225307C14400}.Release|Any CPU.Build.0 = Release|Any CPU
	EndGlobalSection
	GlobalSection(SolutionProperties) = preSolution
		HideSolutionNode = FALSE
	EndGlobalSection
	GlobalSection(ExtensibilityGlobals) = postSolution
		SolutionGuid = {E52F3437-21DA-40E5-B063-BCCD98CE114A}
	EndGlobalSection
EndGlobal
